
Microsoft Visual Studio Solution File, Format Version 11.00
# Visual Studio 2010
Project("{8BC9CEB8-8B4A-11D0-8D11-00A0C91BC942}") = "tankgame-tn13", "tankgame-tn13.vcxproj", "{4B2B674C-287B-ECD9-FE2A-4F37515D8A55}"
EndProject
Global
	GlobalSection(SolutionConfigurationPlatforms) = preSolution
		Debug|Win32 = Debug|Win32
		Release|Win32 = Release|Win32
	EndGlobalSection
	GlobalSection(ProjectConfigurationPlatforms) = postSolution
		{4B2B674C-287B-ECD9-FE2A-4F37515D8A55}.Debug|Win32.ActiveCfg = Debug|Win32
		{4B2B674C-287B-ECD9-FE2A-4F37515D8A55}.Debug|Win32.Build.0 = Debug|Win32
		{4B2B674C-287B-ECD9-FE2A-4F37515D8A55}.Release|Win32.ActiveCfg = Release|Win32
		{4B2B674C-287B-ECD9-FE2A-4F37515D8A55}.Release|Win32.Build.0 = Release|Win32
	EndGlobalSection
	GlobalSection(SolutionProperties) = preSolution
		HideSolutionNode = FALSE
	EndGlobalSection
EndGlobal
